// !$*UTF8*$!
{
	archiveVersion = 1;
	classes = {
	};
	objectVersion = 56;
	objects = {

/* Begin PBXBuildFile section */
		1382F4CB2A28F09100FC605C /* DetailView.swift in Sources */ = {isa = PBXBuildFile; fileRef = 1382F4CA2A28F09100FC605C /* DetailView.swift */; };
		13BEE4822A100305004BD3D6 /* RickAndMortyApp.swift in Sources */ = {isa = PBXBuildFile; fileRef = 13BEE4812A100305004BD3D6 /* RickAndMortyApp.swift */; };
		13BEE4842A100305004BD3D6 /* ContentView.swift in Sources */ = {isa = PBXBuildFile; fileRef = 13BEE4832A100305004BD3D6 /* ContentView.swift */; };
		13BEE4862A100306004BD3D6 /* Assets.xcassets in Resources */ = {isa = PBXBuildFile; fileRef = 13BEE4852A100306004BD3D6 /* Assets.xcassets */; };
		13BEE4892A100306004BD3D6 /* Preview Assets.xcassets in Resources */ = {isa = PBXBuildFile; fileRef = 13BEE4882A100306004BD3D6 /* Preview Assets.xcassets */; };
		13BEE4932A100306004BD3D6 /* RickAndMortyTests.swift in Sources */ = {isa = PBXBuildFile; fileRef = 13BEE4922A100306004BD3D6 /* RickAndMortyTests.swift */; };
		13BEE49D2A100306004BD3D6 /* RickAndMortyUITests.swift in Sources */ = {isa = PBXBuildFile; fileRef = 13BEE49C2A100306004BD3D6 /* RickAndMortyUITests.swift */; };
		13BEE49F2A100306004BD3D6 /* RickAndMortyUITestsLaunchTests.swift in Sources */ = {isa = PBXBuildFile; fileRef = 13BEE49E2A100306004BD3D6 /* RickAndMortyUITestsLaunchTests.swift */; };
		13BEE4AF2A10061A004BD3D6 /* CharacterModel.swift in Sources */ = {isa = PBXBuildFile; fileRef = 13BEE4AE2A10061A004BD3D6 /* CharacterModel.swift */; };
		13BEE4B82A13EAA5004BD3D6 /* CharacterViewModel.swift in Sources */ = {isa = PBXBuildFile; fileRef = 13BEE4B72A13EAA5004BD3D6 /* CharacterViewModel.swift */; };
		13BEE4BC2A13EF3E004BD3D6 /* CharacterListView.swift in Sources */ = {isa = PBXBuildFile; fileRef = 13BEE4BB2A13EF3E004BD3D6 /* CharacterListView.swift */; };
/* End PBXBuildFile section */

/* Begin PBXContainerItemProxy section */
		13BEE48F2A100306004BD3D6 /* PBXContainerItemProxy */ = {
			isa = PBXContainerItemProxy;
			containerPortal = 13BEE4762A100305004BD3D6 /* Project object */;
			proxyType = 1;
			remoteGlobalIDString = 13BEE47D2A100305004BD3D6;
			remoteInfo = RickAndMorty;
		};
		13BEE4992A100306004BD3D6 /* PBXContainerItemProxy */ = {
			isa = PBXContainerItemProxy;
			containerPortal = 13BEE4762A100305004BD3D6 /* Project object */;
			proxyType = 1;
			remoteGlobalIDString = 13BEE47D2A100305004BD3D6;
			remoteInfo = RickAndMorty;
		};
/* End PBXContainerItemProxy section */

/* Begin PBXFileReference section */
		1382F4CA2A28F09100FC605C /* DetailView.swift */ = {isa = PBXFileReference; lastKnownFileType = sourcecode.swift; path = DetailView.swift; sourceTree = "<group>"; };
		13BEE47E2A100305004BD3D6 /* RickAndMorty.app */ = {isa = PBXFileReference; explicitFileType = wrapper.application; includeInIndex = 0; path = RickAndMorty.app; sourceTree = BUILT_PRODUCTS_DIR; };
		13BEE4812A100305004BD3D6 /* RickAndMortyApp.swift */ = {isa = PBXFileReference; lastKnownFileType = sourcecode.swift; path = RickAndMortyApp.swift; sourceTree = "<group>"; };
		13BEE4832A100305004BD3D6 /* ContentView.swift */ = {isa = PBXFileReference; lastKnownFileType = sourcecode.swift; path = ContentView.swift; sourceTree = "<group>"; };
		13BEE4852A100306004BD3D6 /* Assets.xcassets */ = {isa = PBXFileReference; lastKnownFileType = folder.assetcatalog; path = Assets.xcassets; sourceTree = "<group>"; };
		13BEE4882A100306004BD3D6 /* Preview Assets.xcassets */ = {isa = PBXFileReference; lastKnownFileType = folder.assetcatalog; path = "Preview Assets.xcassets"; sourceTree = "<group>"; };
		13BEE48E2A100306004BD3D6 /* RickAndMortyTests.xctest */ = {isa = PBXFileReference; explicitFileType = wrapper.cfbundle; includeInIndex = 0; path = RickAndMortyTests.xctest; sourceTree = BUILT_PRODUCTS_DIR; };
		13BEE4922A100306004BD3D6 /* RickAndMortyTests.swift */ = {isa = PBXFileReference; lastKnownFileType = sourcecode.swift; path = RickAndMortyTests.swift; sourceTree = "<group>"; };
		13BEE4982A100306004BD3D6 /* RickAndMortyUITests.xctest */ = {isa = PBXFileReference; explicitFileType = wrapper.cfbundle; includeInIndex = 0; path = RickAndMortyUITests.xctest; sourceTree = BUILT_PRODUCTS_DIR; };
		13BEE49C2A100306004BD3D6 /* RickAndMortyUITests.swift */ = {isa = PBXFileReference; lastKnownFileType = sourcecode.swift; path = RickAndMortyUITests.swift; sourceTree = "<group>"; };
		13BEE49E2A100306004BD3D6 /* RickAndMortyUITestsLaunchTests.swift */ = {isa = PBXFileReference; lastKnownFileType = sourcecode.swift; path = RickAndMortyUITestsLaunchTests.swift; sourceTree = "<group>"; };
		13BEE4AE2A10061A004BD3D6 /* CharacterModel.swift */ = {isa = PBXFileReference; lastKnownFileType = sourcecode.swift; path = CharacterModel.swift; sourceTree = "<group>"; };
		13BEE4B72A13EAA5004BD3D6 /* CharacterViewModel.swift */ = {isa = PBXFileReference; lastKnownFileType = sourcecode.swift; path = CharacterViewModel.swift; sourceTree = "<group>"; };
		13BEE4BB2A13EF3E004BD3D6 /* CharacterListView.swift */ = {isa = PBXFileReference; lastKnownFileType = sourcecode.swift; path = CharacterListView.swift; sourceTree = "<group>"; };
/* End PBXFileReference section */

/* Begin PBXFrameworksBuildPhase section */
		13BEE47B2A100305004BD3D6 /* Frameworks */ = {
			isa = PBXFrameworksBuildPhase;
			buildActionMask = 2147483647;
			files = (
			);
			runOnlyForDeploymentPostprocessing = 0;
		};
		13BEE48B2A100306004BD3D6 /* Frameworks */ = {
			isa = PBXFrameworksBuildPhase;
			buildActionMask = 2147483647;
			files = (
			);
			runOnlyForDeploymentPostprocessing = 0;
		};
		13BEE4952A100306004BD3D6 /* Frameworks */ = {
			isa = PBXFrameworksBuildPhase;
			buildActionMask = 2147483647;
			files = (
			);
			runOnlyForDeploymentPostprocessing = 0;
		};
/* End PBXFrameworksBuildPhase section */

/* Begin PBXGroup section */
		13BEE4752A100305004BD3D6 = {
			isa = PBXGroup;
			children = (
				13BEE4802A100305004BD3D6 /* RickAndMorty */,
				13BEE4912A100306004BD3D6 /* RickAndMortyTests */,
				13BEE49B2A100306004BD3D6 /* RickAndMortyUITests */,
				13BEE47F2A100305004BD3D6 /* Products */,
			);
			sourceTree = "<group>";
		};
		13BEE47F2A100305004BD3D6 /* Products */ = {
			isa = PBXGroup;
			children = (
				13BEE47E2A100305004BD3D6 /* RickAndMorty.app */,
				13BEE48E2A100306004BD3D6 /* RickAndMortyTests.xctest */,
				13BEE4982A100306004BD3D6 /* RickAndMortyUITests.xctest */,
			);
			name = Products;
			sourceTree = "<group>";
		};
		13BEE4802A100305004BD3D6 /* RickAndMorty */ = {
			isa = PBXGroup;
			children = (
				13BEE4B62A13E67F004BD3D6 /* ViewModel */,
				13BEE4B02A100CF9004BD3D6 /* View */,
				13BEE4AD2A1005F1004BD3D6 /* Model */,
				13BEE4812A100305004BD3D6 /* RickAndMortyApp.swift */,
				13BEE4832A100305004BD3D6 /* ContentView.swift */,
				13BEE4852A100306004BD3D6 /* Assets.xcassets */,
				13BEE4872A100306004BD3D6 /* Preview Content */,
			);
			path = RickAndMorty;
			sourceTree = "<group>";
		};
		13BEE4872A100306004BD3D6 /* Preview Content */ = {
			isa = PBXGroup;
			children = (
				13BEE4882A100306004BD3D6 /* Preview Assets.xcassets */,
			);
			path = "Preview Content";
			sourceTree = "<group>";
		};
		13BEE4912A100306004BD3D6 /* RickAndMortyTests */ = {
			isa = PBXGroup;
			children = (
				13BEE4922A100306004BD3D6 /* RickAndMortyTests.swift */,
			);
			path = RickAndMortyTests;
			sourceTree = "<group>";
		};
		13BEE49B2A100306004BD3D6 /* RickAndMortyUITests */ = {
			isa = PBXGroup;
			children = (
				13BEE49C2A100306004BD3D6 /* RickAndMortyUITests.swift */,
				13BEE49E2A100306004BD3D6 /* RickAndMortyUITestsLaunchTests.swift */,
			);
			path = RickAndMortyUITests;
			sourceTree = "<group>";
		};
		13BEE4AD2A1005F1004BD3D6 /* Model */ = {
			isa = PBXGroup;
			children = (
				13BEE4AE2A10061A004BD3D6 /* CharacterModel.swift */,
			);
			path = Model;
			sourceTree = "<group>";
		};
		13BEE4B02A100CF9004BD3D6 /* View */ = {
			isa = PBXGroup;
			children = (
				13BEE4BB2A13EF3E004BD3D6 /* CharacterListView.swift */,
				1382F4CA2A28F09100FC605C /* DetailView.swift */,
			);
			path = View;
			sourceTree = "<group>";
		};
		13BEE4B62A13E67F004BD3D6 /* ViewModel */ = {
			isa = PBXGroup;
			children = (
				13BEE4B72A13EAA5004BD3D6 /* CharacterViewModel.swift */,
			);
			path = ViewModel;
			sourceTree = "<group>";
		};
/* End PBXGroup section */

/* Begin PBXNativeTarget section */
		13BEE47D2A100305004BD3D6 /* RickAndMorty */ = {
			isa = PBXNativeTarget;
			buildConfigurationList = 13BEE4A22A100306004BD3D6 /* Build configuration list for PBXNativeTarget "RickAndMorty" */;
			buildPhases = (
				13BEE47A2A100305004BD3D6 /* Sources */,
				13BEE47B2A100305004BD3D6 /* Frameworks */,
				13BEE47C2A100305004BD3D6 /* Resources */,
			);
			buildRules = (
			);
			dependencies = (
			);
			name = RickAndMorty;
			productName = RickAndMorty;
			productReference = 13BEE47E2A100305004BD3D6 /* RickAndMorty.app */;
			productType = "com.apple.product-type.application";
		};
		13BEE48D2A100306004BD3D6 /* RickAndMortyTests */ = {
			isa = PBXNativeTarget;
			buildConfigurationList = 13BEE4A52A100306004BD3D6 /* Build configuration list for PBXNativeTarget "RickAndMortyTests" */;
			buildPhases = (
				13BEE48A2A100306004BD3D6 /* Sources */,
				13BEE48B2A100306004BD3D6 /* Frameworks */,
				13BEE48C2A100306004BD3D6 /* Resources */,
			);
			buildRules = (
			);
			dependencies = (
				13BEE4902A100306004BD3D6 /* PBXTargetDependency */,
			);
			name = RickAndMortyTests;
			productName = RickAndMortyTests;
			productReference = 13BEE48E2A100306004BD3D6 /* RickAndMortyTests.xctest */;
			productType = "com.apple.product-type.bundle.unit-test";
		};
		13BEE4972A100306004BD3D6 /* RickAndMortyUITests */ = {
			isa = PBXNativeTarget;
			buildConfigurationList = 13BEE4A82A100306004BD3D6 /* Build configuration list for PBXNativeTarget "RickAndMortyUITests" */;
			buildPhases = (
				13BEE4942A100306004BD3D6 /* Sources */,
				13BEE4952A100306004BD3D6 /* Frameworks */,
				13BEE4962A100306004BD3D6 /* Resources */,
			);
			buildRules = (
			);
			dependencies = (
				13BEE49A2A100306004BD3D6 /* PBXTargetDependency */,
			);
			name = RickAndMortyUITests;
			productName = RickAndMortyUITests;
			productReference = 13BEE4982A100306004BD3D6 /* RickAndMortyUITests.xctest */;
			productType = "com.apple.product-type.bundle.ui-testing";
		};
/* End PBXNativeTarget section */

/* Begin PBXProject section */
		13BEE4762A100305004BD3D6 /* Project object */ = {
			isa = PBXProject;
			attributes = {
				BuildIndependentTargetsInParallel = 1;
				LastSwiftUpdateCheck = 1420;
				LastUpgradeCheck = 1420;
				TargetAttributes = {
					13BEE47D2A100305004BD3D6 = {
						CreatedOnToolsVersion = 14.2;
					};
					13BEE48D2A100306004BD3D6 = {
						CreatedOnToolsVersion = 14.2;
						TestTargetID = 13BEE47D2A100305004BD3D6;
					};
					13BEE4972A100306004BD3D6 = {
						CreatedOnToolsVersion = 14.2;
						TestTargetID = 13BEE47D2A100305004BD3D6;
					};
				};
			};
			buildConfigurationList = 13BEE4792A100305004BD3D6 /* Build configuration list for PBXProject "RickAndMorty" */;
			compatibilityVersion = "Xcode 14.0";
			developmentRegion = en;
			hasScannedForEncodings = 0;
			knownRegions = (
				en,
				Base,
			);
			mainGroup = 13BEE4752A100305004BD3D6;
			productRefGroup = 13BEE47F2A100305004BD3D6 /* Products */;
			projectDirPath = "";
			projectRoot = "";
			targets = (
				13BEE47D2A100305004BD3D6 /* RickAndMorty */,
				13BEE48D2A100306004BD3D6 /* RickAndMortyTests */,
				13BEE4972A100306004BD3D6 /* RickAndMortyUITests */,
			);
		};
/* End PBXProject section */

/* Begin PBXResourcesBuildPhase section */
		13BEE47C2A100305004BD3D6 /* Resources */ = {
			isa = PBXResourcesBuildPhase;
			buildActionMask = 2147483647;
			files = (
				13BEE4892A100306004BD3D6 /* Preview Assets.xcassets in Resources */,
				13BEE4862A100306004BD3D6 /* Assets.xcassets in Resources */,
			);
			runOnlyForDeploymentPostprocessing = 0;
		};
		13BEE48C2A100306004BD3D6 /* Resources */ = {
			isa = PBXResourcesBuildPhase;
			buildActionMask = 2147483647;
			files = (
			);
			runOnlyForDeploymentPostprocessing = 0;
		};
		13BEE4962A100306004BD3D6 /* Resources */ = {
			isa = PBXResourcesBuildPhase;
			buildActionMask = 2147483647;
			files = (
			);
			runOnlyForDeploymentPostprocessing = 0;
		};
/* End PBXResourcesBuildPhase section */

/* Begin PBXSourcesBuildPhase section */
		13BEE47A2A100305004BD3D6 /* Sources */ = {
			isa = PBXSourcesBuildPhase;
			buildActionMask = 2147483647;
			files = (
				13BEE4AF2A10061A004BD3D6 /* CharacterModel.swift in Sources */,
				1382F4CB2A28F09100FC605C /* DetailView.swift in Sources */,
				13BEE4842A100305004BD3D6 /* ContentView.swift in Sources */,
				13BEE4BC2A13EF3E004BD3D6 /* CharacterListView.swift in Sources */,
				13BEE4822A100305004BD3D6 /* RickAndMortyApp.swift in Sources */,
				13BEE4B82A13EAA5004BD3D6 /* CharacterViewModel.swift in Sources */,
			);
			runOnlyForDeploymentPostprocessing = 0;
		};
		13BEE48A2A100306004BD3D6 /* Sources */ = {
			isa = PBXSourcesBuildPhase;
			buildActionMask = 2147483647;
			files = (
				13BEE4932A100306004BD3D6 /* RickAndMortyTests.swift in Sources */,
			);
			runOnlyForDeploymentPostprocessing = 0;
		};
		13BEE4942A100306004BD3D6 /* Sources */ = {
			isa = PBXSourcesBuildPhase;
			buildActionMask = 2147483647;
			files = (
				13BEE49D2A100306004BD3D6 /* RickAndMortyUITests.swift in Sources */,
				13BEE49F2A100306004BD3D6 /* RickAndMortyUITestsLaunchTests.swift in Sources */,
			);
			runOnlyForDeploymentPostprocessing = 0;
		};
/* End PBXSourcesBuildPhase section */

/* Begin PBXTargetDependency section */
		13BEE4902A100306004BD3D6 /* PBXTargetDependency */ = {
			isa = PBXTargetDependency;
			target = 13BEE47D2A100305004BD3D6 /* RickAndMorty */;
			targetProxy = 13BEE48F2A100306004BD3D6 /* PBXContainerItemProxy */;
		};
		13BEE49A2A100306004BD3D6 /* PBXTargetDependency */ = {
			isa = PBXTargetDependency;
			target = 13BEE47D2A100305004BD3D6 /* RickAndMorty */;
			targetProxy = 13BEE4992A100306004BD3D6 /* PBXContainerItemProxy */;
		};
/* End PBXTargetDependency section */

/* Begin XCBuildConfiguration section */
		13BEE4A02A100306004BD3D6 /* Debug */ = {
			isa = XCBuildConfiguration;
			buildSettings = {
				ALWAYS_SEARCH_USER_PATHS = NO;
				CLANG_ANALYZER_NONNULL = YES;
				CLANG_ANALYZER_NUMBER_OBJECT_CONVERSION = YES_AGGRESSIVE;
				CLANG_CXX_LANGUAGE_STANDARD = "gnu++20";
				CLANG_ENABLE_MODULES = YES;
				CLANG_ENABLE_OBJC_ARC = YES;
				CLANG_ENABLE_OBJC_WEAK = YES;
				CLANG_WARN_BLOCK_CAPTURE_AUTORELEASING = YES;
				CLANG_WARN_BOOL_CONVERSION = YES;
				CLANG_WARN_COMMA = YES;
				CLANG_WARN_CONSTANT_CONVERSION = YES;
				CLANG_WARN_DEPRECATED_OBJC_IMPLEMENTATIONS = YES;
				CLANG_WARN_DIRECT_OBJC_ISA_USAGE = YES_ERROR;
				CLANG_WARN_DOCUMENTATION_COMMENTS = YES;
				CLANG_WARN_EMPTY_BODY = YES;
				CLANG_WARN_ENUM_CONVERSION = YES;
				CLANG_WARN_INFINITE_RECURSION = YES;
				CLANG_WARN_INT_CONVERSION = YES;
				CLANG_WARN_NON_LITERAL_NULL_CONVERSION = YES;
				CLANG_WARN_OBJC_IMPLICIT_RETAIN_SELF = YES;
				CLANG_WARN_OBJC_LITERAL_CONVERSION = YES;
				CLANG_WARN_OBJC_ROOT_CLASS = YES_ERROR;
				CLANG_WARN_QUOTED_INCLUDE_IN_FRAMEWORK_HEADER = YES;
				CLANG_WARN_RANGE_LOOP_ANALYSIS = YES;
				CLANG_WARN_STRICT_PROTOTYPES = YES;
				CLANG_WARN_SUSPICIOUS_MOVE = YES;
				CLANG_WARN_UNGUARDED_AVAILABILITY = YES_AGGRESSIVE;
				CLANG_WARN_UNREACHABLE_CODE = YES;
				CLANG_WARN__DUPLICATE_METHOD_MATCH = YES;
				COPY_PHASE_STRIP = NO;
				DEBUG_INFORMATION_FORMAT = dwarf;
				ENABLE_STRICT_OBJC_MSGSEND = YES;
				ENABLE_TESTABILITY = YES;
				GCC_C_LANGUAGE_STANDARD = gnu11;
				GCC_DYNAMIC_NO_PIC = NO;
				GCC_NO_COMMON_BLOCKS = YES;
				GCC_OPTIMIZATION_LEVEL = 0;
				GCC_PREPROCESSOR_DEFINITIONS = (
					"DEBUG=1",
					"$(inherited)",
				);
				GCC_WARN_64_TO_32_BIT_CONVERSION = YES;
				GCC_WARN_ABOUT_RETURN_TYPE = YES_ERROR;
				GCC_WARN_UNDECLARED_SELECTOR = YES;
				GCC_WARN_UNINITIALIZED_AUTOS = YES_AGGRESSIVE;
				GCC_WARN_UNUSED_FUNCTION = YES;
				GCC_WARN_UNUSED_VARIABLE = YES;
				IPHONEOS_DEPLOYMENT_TARGET = 16.2;
				MTL_ENABLE_DEBUG_INFO = INCLUDE_SOURCE;
				MTL_FAST_MATH = YES;
				ONLY_ACTIVE_ARCH = YES;
				SDKROOT = iphoneos;
				SWIFT_ACTIVE_COMPILATION_CONDITIONS = DEBUG;
				SWIFT_OPTIMIZATION_LEVEL = "-Onone";
			};
			name = Debug;
		};
		13BEE4A12A100306004BD3D6 /* Release */ = {
			isa = XCBuildConfiguration;
			buildSettings = {
				ALWAYS_SEARCH_USER_PATHS = NO;
				CLANG_ANALYZER_NONNULL = YES;
				CLANG_ANALYZER_NUMBER_OBJECT_CONVERSION = YES_AGGRESSIVE;
				CLANG_CXX_LANGUAGE_STANDARD = "gnu++20";
				CLANG_ENABLE_MODULES = YES;
				CLANG_ENABLE_OBJC_ARC = YES;
				CLANG_ENABLE_OBJC_WEAK = YES;
				CLANG_WARN_BLOCK_CAPTURE_AUTORELEASING = YES;
				CLANG_WARN_BOOL_CONVERSION = YES;
				CLANG_WARN_COMMA = YES;
				CLANG_WARN_CONSTANT_CONVERSION = YES;
				CLANG_WARN_DEPRECATED_OBJC_IMPLEMENTATIONS = YES;
				CLANG_WARN_DIRECT_OBJC_ISA_USAGE = YES_ERROR;
				CLANG_WARN_DOCUMENTATION_COMMENTS = YES;
				CLANG_WARN_EMPTY_BODY = YES;
				CLANG_WARN_ENUM_CONVERSION = YES;
				CLANG_WARN_INFINITE_RECURSION = YES;
				CLANG_WARN_INT_CONVERSION = YES;
				CLANG_WARN_NON_LITERAL_NULL_CONVERSION = YES;
				CLANG_WARN_OBJC_IMPLICIT_RETAIN_SELF = YES;
				CLANG_WARN_OBJC_LITERAL_CONVERSION = YES;
				CLANG_WARN_OBJC_ROOT_CLASS = YES_ERROR;
				CLANG_WARN_QUOTED_INCLUDE_IN_FRAMEWORK_HEADER = YES;
				CLANG_WARN_RANGE_LOOP_ANALYSIS = YES;
				CLANG_WARN_STRICT_PROTOTYPES = YES;
				CLANG_WARN_SUSPICIOUS_MOVE = YES;
				CLANG_WARN_UNGUARDED_AVAILABILITY = YES_AGGRESSIVE;
				CLANG_WARN_UNREACHABLE_CODE = YES;
				CLANG_WARN__DUPLICATE_METHOD_MATCH = YES;
				COPY_PHASE_STRIP = NO;
				DEBUG_INFORMATION_FORMAT = "dwarf-with-dsym";
				ENABLE_NS_ASSERTIONS = NO;
				ENABLE_STRICT_OBJC_MSGSEND = YES;
				GCC_C_LANGUAGE_STANDARD = gnu11;
				GCC_NO_COMMON_BLOCKS = YES;
				GCC_WARN_64_TO_32_BIT_CONVERSION = YES;
				GCC_WARN_ABOUT_RETURN_TYPE = YES_ERROR;
				GCC_WARN_UNDECLARED_SELECTOR = YES;
				GCC_WARN_UNINITIALIZED_AUTOS = YES_AGGRESSIVE;
				GCC_WARN_UNUSED_FUNCTION = YES;
				GCC_WARN_UNUSED_VARIABLE = YES;
				IPHONEOS_DEPLOYMENT_TARGET = 16.2;
				MTL_ENABLE_DEBUG_INFO = NO;
				MTL_FAST_MATH = YES;
				SDKROOT = iphoneos;
				SWIFT_COMPILATION_MODE = wholemodule;
				SWIFT_OPTIMIZATION_LEVEL = "-O";
				VALIDATE_PRODUCT = YES;
			};
			name = Release;
		};
		13BEE4A32A100306004BD3D6 /* Debug */ = {
			isa = XCBuildConfiguration;
			buildSettings = {
				ASSETCATALOG_COMPILER_APPICON_NAME = AppIcon;
				ASSETCATALOG_COMPILER_GLOBAL_ACCENT_COLOR_NAME = AccentColor;
				CODE_SIGN_STYLE = Automatic;
				CURRENT_PROJECT_VERSION = 1;
				DEVELOPMENT_ASSET_PATHS = "\"RickAndMorty/Preview Content\"";
				DEVELOPMENT_TEAM = T94Y3NV5X8;
				ENABLE_PREVIEWS = YES;
				GENERATE_INFOPLIST_FILE = YES;
				INFOPLIST_KEY_UIApplicationSceneManifest_Generation = YES;
				INFOPLIST_KEY_UIApplicationSupportsIndirectInputEvents = YES;
				INFOPLIST_KEY_UILaunchScreen_Generation = YES;
				INFOPLIST_KEY_UISupportedInterfaceOrientations_iPad = "UIInterfaceOrientationPortrait UIInterfaceOrientationPortraitUpsideDown UIInterfaceOrientationLandscapeLeft UIInterfaceOrientationLandscapeRight";
				INFOPLIST_KEY_UISupportedInterfaceOrientations_iPhone = "UIInterfaceOrientationPortrait UIInterfaceOrientationLandscapeLeft UIInterfaceOrientationLandscapeRight";
				LD_RUNPATH_SEARCH_PATHS = (
					"$(inherited)",
					"@executable_path/Frameworks",
				);
				MARKETING_VERSION = 1.0;
				PRODUCT_BUNDLE_IDENTIFIER = AceEzra.RickAndMorty;
				PRODUCT_NAME = "$(TARGET_NAME)";
				SWIFT_EMIT_LOC_STRINGS = YES;
				SWIFT_VERSION = 5.0;
				TARGETED_DEVICE_FAMILY = "1,2";
			};
			name = Debug;
		};
		13BEE4A42A100306004BD3D6 /* Release */ = {
			isa = XCBuildConfiguration;
			buildSettings = {
				ASSETCATALOG_COMPILER_APPICON_NAME = AppIcon;
				ASSETCATALOG_COMPILER_GLOBAL_ACCENT_COLOR_NAME = AccentColor;
				CODE_SIGN_STYLE = Automatic;
				CURRENT_PROJECT_VERSION = 1;
				DEVELOPMENT_ASSET_PATHS = "\"RickAndMorty/Preview Content\"";
				DEVELOPMENT_TEAM = T94Y3NV5X8;
				ENABLE_PREVIEWS = YES;
				GENERATE_INFOPLIST_FILE = YES;
				INFOPLIST_KEY_UIApplicationSceneManifest_Generation = YES;
				INFOPLIST_KEY_UIApplicationSupportsIndirectInputEvents = YES;
				INFOPLIST_KEY_UILaunchScreen_Generation = YES;
				INFOPLIST_KEY_UISupportedInterfaceOrientations_iPad = "UIInterfaceOrientationPortrait UIInterfaceOrientationPortraitUpsideDown UIInterfaceOrientationLandscapeLeft UIInterfaceOrientationLandscapeRight";
				INFOPLIST_KEY_UISupportedInterfaceOrientations_iPhone = "UIInterfaceOrientationPortrait UIInterfaceOrientationLandscapeLeft UIInterfaceOrientationLandscapeRight";
				LD_RUNPATH_SEARCH_PATHS = (
					"$(inherited)",
					"@executable_path/Frameworks",
				);
				MARKETING_VERSION = 1.0;
				PRODUCT_BUNDLE_IDENTIFIER = AceEzra.RickAndMorty;
				PRODUCT_NAME = "$(TARGET_NAME)";
				SWIFT_EMIT_LOC_STRINGS = YES;
				SWIFT_VERSION = 5.0;
				TARGETED_DEVICE_FAMILY = "1,2";
			};
			name = Release;
		};
		13BEE4A62A100306004BD3D6 /* Debug */ = {
			isa = XCBuildConfiguration;
			buildSettings = {
				ALWAYS_EMBED_SWIFT_STANDARD_LIBRARIES = YES;
				BUNDLE_LOADER = "$(TEST_HOST)";
				CODE_SIGN_STYLE = Automatic;
				CURRENT_PROJECT_VERSION = 1;
				DEVELOPMENT_TEAM = T94Y3NV5X8;
				GENERATE_INFOPLIST_FILE = YES;
				IPHONEOS_DEPLOYMENT_TARGET = 16.2;
				MARKETING_VERSION = 1.0;
				PRODUCT_BUNDLE_IDENTIFIER = AceEzra.RickAndMortyTests;
				PRODUCT_NAME = "$(TARGET_NAME)";
				SWIFT_EMIT_LOC_STRINGS = NO;
				SWIFT_VERSION = 5.0;
				TARGETED_DEVICE_FAMILY = "1,2";
				TEST_HOST = "$(BUILT_PRODUCTS_DIR)/RickAndMorty.app/$(BUNDLE_EXECUTABLE_FOLDER_PATH)/RickAndMorty";
			};
			name = Debug;
		};
		13BEE4A72A100306004BD3D6 /* Release */ = {
			isa = XCBuildConfiguration;
			buildSettings = {
				ALWAYS_EMBED_SWIFT_STANDARD_LIBRARIES = YES;
				BUNDLE_LOADER = "$(TEST_HOST)";
				CODE_SIGN_STYLE = Automatic;
				CURRENT_PROJECT_VERSION = 1;
				DEVELOPMENT_TEAM = T94Y3NV5X8;
				GENERATE_INFOPLIST_FILE = YES;
				IPHONEOS_DEPLOYMENT_TARGET = 16.2;
				MARKETING_VERSION = 1.0;
				PRODUCT_BUNDLE_IDENTIFIER = AceEzra.RickAndMortyTests;
				PRODUCT_NAME = "$(TARGET_NAME)";
				SWIFT_EMIT_LOC_STRINGS = NO;
				SWIFT_VERSION = 5.0;
				TARGETED_DEVICE_FAMILY = "1,2";
				TEST_HOST = "$(BUILT_PRODUCTS_DIR)/RickAndMorty.app/$(BUNDLE_EXECUTABLE_FOLDER_PATH)/RickAndMorty";
			};
			name = Release;
		};
		13BEE4A92A100306004BD3D6 /* Debug */ = {
			isa = XCBuildConfiguration;
			buildSettings = {
				ALWAYS_EMBED_SWIFT_STANDARD_LIBRARIES = YES;
				CODE_SIGN_STYLE = Automatic;
				CURRENT_PROJECT_VERSION = 1;
				DEVELOPMENT_TEAM = T94Y3NV5X8;
				GENERATE_INFOPLIST_FILE = YES;
				MARKETING_VERSION = 1.0;
				PRODUCT_BUNDLE_IDENTIFIER = AceEzra.RickAndMortyUITests;
				PRODUCT_NAME = "$(TARGET_NAME)";
				SWIFT_EMIT_LOC_STRINGS = NO;
				SWIFT_VERSION = 5.0;
				TARGETED_DEVICE_FAMILY = "1,2";
				TEST_TARGET_NAME = RickAndMorty;
			};
			name = Debug;
		};
		13BEE4AA2A100306004BD3D6 /* Release */ = {
			isa = XCBuildConfiguration;
			buildSettings = {
				ALWAYS_EMBED_SWIFT_STANDARD_LIBRARIES = YES;
				CODE_SIGN_STYLE = Automatic;
				CURRENT_PROJECT_VERSION = 1;
				DEVELOPMENT_TEAM = T94Y3NV5X8;
				GENERATE_INFOPLIST_FILE = YES;
				MARKETING_VERSION = 1.0;
				PRODUCT_BUNDLE_IDENTIFIER = AceEzra.RickAndMortyUITests;
				PRODUCT_NAME = "$(TARGET_NAME)";
				SWIFT_EMIT_LOC_STRINGS = NO;
				SWIFT_VERSION = 5.0;
				TARGETED_DEVICE_FAMILY = "1,2";
				TEST_TARGET_NAME = RickAndMorty;
			};
			name = Release;
		};
/* End XCBuildConfiguration section */

/* Begin XCConfigurationList section */
		13BEE4792A100305004BD3D6 /* Build configuration list for PBXProject "RickAndMorty" */ = {
			isa = XCConfigurationList;
			buildConfigurations = (
				13BEE4A02A100306004BD3D6 /* Debug */,
				13BEE4A12A100306004BD3D6 /* Release */,
			);
			defaultConfigurationIsVisible = 0;
			defaultConfigurationName = Release;
		};
		13BEE4A22A100306004BD3D6 /* Build configuration list for PBXNativeTarget "RickAndMorty" */ = {
			isa = XCConfigurationList;
			buildConfigurations = (
				13BEE4A32A100306004BD3D6 /* Debug */,
				13BEE4A42A100306004BD3D6 /* Release */,
			);
			defaultConfigurationIsVisible = 0;
			defaultConfigurationName = Release;
		};
		13BEE4A52A100306004BD3D6 /* Build configuration list for PBXNativeTarget "RickAndMortyTests" */ = {
			isa = XCConfigurationList;
			buildConfigurations = (
				13BEE4A62A100306004BD3D6 /* Debug */,
				13BEE4A72A100306004BD3D6 /* Release */,
			);
			defaultConfigurationIsVisible = 0;
			defaultConfigurationName = Release;
		};
		13BEE4A82A100306004BD3D6 /* Build configuration list for PBXNativeTarget "RickAndMortyUITests" */ = {
			isa = XCConfigurationList;
			buildConfigurations = (
				13BEE4A92A100306004BD3D6 /* Debug */,
				13BEE4AA2A100306004BD3D6 /* Release */,
			);
			defaultConfigurationIsVisible = 0;
			defaultConfigurationName = Release;
		};
/* End XCConfigurationList section */
	};
	rootObject = 13BEE4762A100305004BD3D6 /* Project object */;
}
